
Microsoft Visual Studio Solution File, Format Version 12.00
# Visual Studio Version 17
VisualStudioVersion = 17.1.32407.343
MinimumVisualStudioVersion = 10.0.40219.1
Project("{9A19103F-16F7-4668-BE54-9A1E7A4F7556}") = "ServiceHost", "ServiceHost\ServiceHost.csproj", "{E2BEDFEC-8646-440B-830E-FF3C7BDCC956}"
EndProject
Project("{2150E333-8FDC-42A3-9474-1A3956D46DE8}") = "Architecture", "Architecture", "{63136C4A-1C64-41E2-AB01-34F3ABFC3819}"
EndProject
Project("{2150E333-8FDC-42A3-9474-1A3956D46DE8}") = "Domain", "Domain", "{EBA552E0-9321-464A-B6AA-E83B74EFBDA5}"
EndProject
Project("{9A19103F-16F7-4668-BE54-9A1E7A4F7556}") = "PsychoShop.Domain", "PsychoShop.Domain\PsychoShop.Domain.csproj", "{39856B76-9219-4F2B-ADEC-33AD847D6DD3}"
EndProject
Project("{2150E333-8FDC-42A3-9474-1A3956D46DE8}") = "Application", "Application", "{1616F072-4763-4010-B527-E7E08B5ECD05}"
EndProject
Project("{9A19103F-16F7-4668-BE54-9A1E7A4F7556}") = "PsychoShop.Application", "PsychoShop.Application\PsychoShop.Application.csproj", "{1768291A-7C03-4E93-A414-23580283EA84}"
EndProject
Project("{9A19103F-16F7-4668-BE54-9A1E7A4F7556}") = "PsychoShop.Application.Contracts", "PsychoShop.Application.Contracts\PsychoShop.Application.Contracts.csproj", "{C2D4A171-4385-4FC8-A485-853C1CA763FD}"
EndProject
Project("{2150E333-8FDC-42A3-9474-1A3956D46DE8}") = "Infrastructure", "Infrastructure", "{08DC2FA5-FE17-45DE-B53D-90FCDDE97708}"
EndProject
Project("{9A19103F-16F7-4668-BE54-9A1E7A4F7556}") = "PsychoShop.Infrastructure.EFCore", "PsychoShop.Infrastructure.EFCore\PsychoShop.Infrastructure.EFCore.csproj", "{06C9D30C-9998-423C-AB18-4E169F193DEE}"
EndProject
Project("{9A19103F-16F7-4668-BE54-9A1E7A4F7556}") = "PsychoShop.Framework", "PsychoShop.Framework\PsychoShop.Framework.csproj", "{C2FE8625-62F2-4829-A4AC-1C7703528357}"
EndProject
Project("{FAE04EC0-301F-11D3-BF4B-00C04F79EFBC}") = "PsychoShop.Infrastructure.Configuration", "PsychoShop.Infrastructure.Configuration\PsychoShop.Infrastructure.Configuration.csproj", "{07120E29-A25A-4C67-9316-C3AA89653757}"
EndProject
Global
	GlobalSection(SolutionConfigurationPlatforms) = preSolution
		Debug|Any CPU = Debug|Any CPU
		Release|Any CPU = Release|Any CPU
	EndGlobalSection
	GlobalSection(ProjectConfigurationPlatforms) = postSolution
		{E2BEDFEC-8646-440B-830E-FF3C7BDCC956}.Debug|Any CPU.ActiveCfg = Debug|Any CPU
		{E2BEDFEC-8646-440B-830E-FF3C7BDCC956}.Debug|Any CPU.Build.0 = Debug|Any CPU
		{E2BEDFEC-8646-440B-830E-FF3C7BDCC956}.Release|Any CPU.ActiveCfg = Release|Any CPU
		{E2BEDFEC-8646-440B-830E-FF3C7BDCC956}.Release|Any CPU.Build.0 = Release|Any CPU
		{39856B76-9219-4F2B-ADEC-33AD847D6DD3}.Debug|Any CPU.ActiveCfg = Debug|Any CPU
		{39856B76-9219-4F2B-ADEC-33AD847D6DD3}.Debug|Any CPU.Build.0 = Debug|Any CPU
		{39856B76-9219-4F2B-ADEC-33AD847D6DD3}.Release|Any CPU.ActiveCfg = Release|Any CPU
		{39856B76-9219-4F2B-ADEC-33AD847D6DD3}.Release|Any CPU.Build.0 = Release|Any CPU
		{1768291A-7C03-4E93-A414-23580283EA84}.Debug|Any CPU.ActiveCfg = Debug|Any CPU
		{1768291A-7C03-4E93-A414-23580283EA84}.Debug|Any CPU.Build.0 = Debug|Any CPU
		{1768291A-7C03-4E93-A414-23580283EA84}.Release|Any CPU.ActiveCfg = Release|Any CPU
		{1768291A-7C03-4E93-A414-23580283EA84}.Release|Any CPU.Build.0 = Release|Any CPU
		{C2D4A171-4385-4FC8-A485-853C1CA763FD}.Debug|Any CPU.ActiveCfg = Debug|Any CPU
		{C2D4A171-4385-4FC8-A485-853C1CA763FD}.Debug|Any CPU.Build.0 = Debug|Any CPU
		{C2D4A171-4385-4FC8-A485-853C1CA763FD}.Release|Any CPU.ActiveCfg = Release|Any CPU
		{C2D4A171-4385-4FC8-A485-853C1CA763FD}.Release|Any CPU.Build.0 = Release|Any CPU
		{06C9D30C-9998-423C-AB18-4E169F193DEE}.Debug|Any CPU.ActiveCfg = Debug|Any CPU
		{06C9D30C-9998-423C-AB18-4E169F193DEE}.Debug|Any CPU.Build.0 = Debug|Any CPU
		{06C9D30C-9998-423C-AB18-4E169F193DEE}.Release|Any CPU.ActiveCfg = Release|Any CPU
		{06C9D30C-9998-423C-AB18-4E169F193DEE}.Release|Any CPU.Build.0 = Release|Any CPU
		{C2FE8625-62F2-4829-A4AC-1C7703528357}.Debug|Any CPU.ActiveCfg = Debug|Any CPU
		{C2FE8625-62F2-4829-A4AC-1C7703528357}.Debug|Any CPU.Build.0 = Debug|Any CPU
		{C2FE8625-62F2-4829-A4AC-1C7703528357}.Release|Any CPU.ActiveCfg = Release|Any CPU
		{C2FE8625-62F2-4829-A4AC-1C7703528357}.Release|Any CPU.Build.0 = Release|Any CPU
		{07120E29-A25A-4C67-9316-C3AA89653757}.Debug|Any CPU.ActiveCfg = Debug|Any CPU
		{07120E29-A25A-4C67-9316-C3AA89653757}.Debug|Any CPU.Build.0 = Debug|Any CPU
		{07120E29-A25A-4C67-9316-C3AA89653757}.Release|Any CPU.ActiveCfg = Release|Any CPU
		{07120E29-A25A-4C67-9316-C3AA89653757}.Release|Any CPU.Build.0 = Release|Any CPU
	EndGlobalSection
	GlobalSection(SolutionProperties) = preSolution
		HideSolutionNode = FALSE
	EndGlobalSection
	GlobalSection(NestedProjects) = preSolution
		{EBA552E0-9321-464A-B6AA-E83B74EFBDA5} = {63136C4A-1C64-41E2-AB01-34F3ABFC3819}
		{39856B76-9219-4F2B-ADEC-33AD847D6DD3} = {EBA552E0-9321-464A-B6AA-E83B74EFBDA5}
		{1616F072-4763-4010-B527-E7E08B5ECD05} = {63136C4A-1C64-41E2-AB01-34F3ABFC3819}
		{1768291A-7C03-4E93-A414-23580283EA84} = {1616F072-4763-4010-B527-E7E08B5ECD05}
		{C2D4A171-4385-4FC8-A485-853C1CA763FD} = {1616F072-4763-4010-B527-E7E08B5ECD05}
		{08DC2FA5-FE17-45DE-B53D-90FCDDE97708} = {63136C4A-1C64-41E2-AB01-34F3ABFC3819}
		{06C9D30C-9998-423C-AB18-4E169F193DEE} = {08DC2FA5-FE17-45DE-B53D-90FCDDE97708}
		{07120E29-A25A-4C67-9316-C3AA89653757} = {08DC2FA5-FE17-45DE-B53D-90FCDDE97708}
	EndGlobalSection
	GlobalSection(ExtensibilityGlobals) = postSolution
		SolutionGuid = {18E7DF41-DAAB-4C56-94D2-5EFD6ECB7E6A}
	EndGlobalSection
EndGlobal
